
Microsoft Visual Studio Solution File, Format Version 12.00
# Visual Studio Version 17
VisualStudioVersion = 17.10.35027.167
MinimumVisualStudioVersion = 10.0.40219.1
Project("{FAE04EC0-301F-11D3-BF4B-00C04F79EFBC}") = "aprendendocsharp", "aprendendocsharp\aprendendocsharp.csproj", "{EB58C7DA-FA7B-4586-B6CE-937C582D3880}"
EndProject
Global
	GlobalSection(SolutionConfigurationPlatforms) = preSolution
		Debug|Any CPU = Debug|Any CPU
		Release|Any CPU = Release|Any CPU
	EndGlobalSection
	GlobalSection(ProjectConfigurationPlatforms) = postSolution
		{EB58C7DA-FA7B-4586-B6CE-937C582D3880}.Debug|Any CPU.ActiveCfg = Debug|Any CPU
		{EB58C7DA-FA7B-4586-B6CE-937C582D3880}.Debug|Any CPU.Build.0 = Debug|Any CPU
		{EB58C7DA-FA7B-4586-B6CE-937C582D3880}.Release|Any CPU.ActiveCfg = Release|Any CPU
		{EB58C7DA-FA7B-4586-B6CE-937C582D3880}.Release|Any CPU.Build.0 = Release|Any CPU
	EndGlobalSection
	GlobalSection(SolutionProperties) = preSolution
		HideSolutionNode = FALSE
	EndGlobalSection
	GlobalSection(ExtensibilityGlobals) = postSolution
		SolutionGuid = {1BFB155C-40AA-42E6-B692-36C2E870AC5A}
	EndGlobalSection
EndGlobal
